
Microsoft Visual Studio Solution File, Format Version 12.00
# Visual Studio Version 17
VisualStudioVersion = 17.8.34309.116
MinimumVisualStudioVersion = 10.0.40219.1
Project("{FAE04EC0-301F-11D3-BF4B-00C04F79EFBC}") = "pryecto", "pryecto\pryecto.csproj", "{A46DD2AE-17AD-4CB4-B14E-C6A18755AACF}"
EndProject
Global
	GlobalSection(SolutionConfigurationPlatforms) = preSolution
		Debug|Any CPU = Debug|Any CPU
		Release|Any CPU = Release|Any CPU
	EndGlobalSection
	GlobalSection(ProjectConfigurationPlatforms) = postSolution
		{A46DD2AE-17AD-4CB4-B14E-C6A18755AACF}.Debug|Any CPU.ActiveCfg = Debug|Any CPU
		{A46DD2AE-17AD-4CB4-B14E-C6A18755AACF}.Debug|Any CPU.Build.0 = Debug|Any CPU
		{A46DD2AE-17AD-4CB4-B14E-C6A18755AACF}.Release|Any CPU.ActiveCfg = Release|Any CPU
		{A46DD2AE-17AD-4CB4-B14E-C6A18755AACF}.Release|Any CPU.Build.0 = Release|Any CPU
	EndGlobalSection
	GlobalSection(SolutionProperties) = preSolution
		HideSolutionNode = FALSE
	EndGlobalSection
	GlobalSection(ExtensibilityGlobals) = postSolution
		SolutionGuid = {5644B328-6451-44A8-8F91-663C1F6C6534}
	EndGlobalSection
EndGlobal
